# THIS IS AN AUTOGENERATED FILE. DO NOT EDIT THIS FILE DIRECTLY.
# yarn lockfile v1


"@formatjs/intl-datetimeformat@^1.3.3":
  version "1.3.3"
  resolved "https://registry.yarnpkg.com/@formatjs/intl-datetimeformat/-/intl-datetimeformat-1.3.3.tgz#3bf877005a2519df1ce008aa63bc960c9e1b8334"
  integrity sha512-wLHQOqKU+I0sINFPA7jabYm/O+ep90NtMv88wCgtWjoHWkfpgK4MJ7mRU01O7Vm/a3onaYvfM4NISdSSLLmHuw==
  dependencies:
    "@formatjs/intl-getcanonicallocales" "^1.2.7"
    "@formatjs/intl-utils" "^3.5.0"

"@formatjs/intl-displaynames@^2.2.9":
  version "2.2.9"
  resolved "https://registry.yarnpkg.com/@formatjs/intl-displaynames/-/intl-displaynames-2.2.9.tgz#4e2a15f50b3c77d52c80c46f4cb3db32fdf46aea"
  integrity sha512-MjjG9SXBre8WwqRHMtaX0wD9T4VvEiNp5U/K96GDE8rHzHxAdP8wKEqlau9ZP47O+bSi7JN5cOTAHoUBpMsn6Q==
  dependencies:
    "@formatjs/intl-utils" "^3.5.0"

"@formatjs/intl-getcanonicallocales@1.4.1", "@formatjs/intl-getcanonicallocales@^1.2.7":
  version "1.4.1"
  resolved "https://registry.yarnpkg.com/@formatjs/intl-getcanonicallocales/-/intl-getcanonicallocales-1.4.1.tgz#81ab826baa232d5f75db31122360c6c293ee1ff2"
  integrity sha512-gC8Psoq9r0HtlrVtQyMMdEwRwzowpeJ1vXSvt6t6S0zZbl249k+xHKdq1B+70pLr95miuiLdCtAIpHjimLyXWA==
  dependencies:
    cldr-core "36.0.0"

"@formatjs/intl-listformat@^2.2.9":
  version "2.2.9"
  resolved "https://registry.yarnpkg.com/@formatjs/intl-listformat/-/intl-listformat-2.2.9.tgz#b6b5eeff06c547fb0c8a03a28807edaf70318640"
  integrity sha512-RC9wrQf7XXRP73Np1+WDR71HdT91mcdiNgH6m9HVFWa3tgv8rk43QJSMbehPqgcJ1l1pm6Uwm0wURAz8YJVX3A==
  dependencies:
    "@formatjs/intl-utils" "^3.5.0"

"@formatjs/intl-numberformat@5.4.1", "@formatjs/intl-numberformat@^5.4.1":
  version "5.4.1"
  resolved "https://registry.yarnpkg.com/@formatjs/intl-numberformat/-/intl-numberformat-5.4.1.tgz#713542177689862d6f7849f9d802ad19e85855ab"
  integrity sha512-w9GRPRmD4EZ1gxbekVAMmLphwT7JzjYGmxPa1ZD4ukb0pmk+9Sb3Qy6BjOu59YsROAAMrct6EQqfc/H//EYRdA==
  dependencies:
    "@formatjs/intl-utils" "^3.8.3"

"@formatjs/intl-numberformat@^4.2.11":
  version "4.2.11"
  resolved "https://registry.yarnpkg.com/@formatjs/intl-numberformat/-/intl-numberformat-4.2.11.tgz#b7d2446b5bb2e6d760d66d9d053e51c045439936"
  integrity sha512-LiPrkg2sRZsH0F6XOz9Esgu+Ou6vux3QPiNDHKKrHL5T4pRbcethI9+vwttnY44FIVnTxjQdywkcJILLjgWPUw==
  dependencies:
    "@formatjs/intl-utils" "^3.5.0"

"@formatjs/intl-relativetimeformat@^5.2.11":
  version "5.2.11"
  resolved "https://registry.yarnpkg.com/@formatjs/intl-relativetimeformat/-/intl-relativetimeformat-5.2.11.tgz#a77ee656c7def637aa54056f7316c6c2501f926c"
  integrity sha512-Lf7SEIICJ4cGX1vFAMeyRQG8L1Pf18qfXXX4OWIswUnCyCcoIidLMvVN2xjrtB/OToc6mgZhhCTF35hRA0hl7Q==
  dependencies:
    "@formatjs/intl-utils" "^3.5.0"

"@formatjs/intl-utils@^3.5.0", "@formatjs/intl-utils@^3.8.3":
  version "3.8.4"
  resolved "https://registry.yarnpkg.com/@formatjs/intl-utils/-/intl-utils-3.8.4.tgz#291baac91001db428fc3275c515a3e40fbe95945"
  integrity sha512-j5C6NyfKevIxsfLK8KwO1C0vvP7k1+h4A9cFpc+cr6mEwCc1sPkr17dzh0Ke6k9U5pQccAQoXdcNBl3IYa4+ZQ==
  dependencies:
    emojis-list "^3.0.0"

"@types/hoist-non-react-statics@^3.3.1":
  version "3.3.1"
  resolved "https://registry.yarnpkg.com/@types/hoist-non-react-statics/-/hoist-non-react-statics-3.3.1.tgz#1124aafe5118cb591977aeb1ceaaed1070eb039f"
  integrity sha512-iMIqiko6ooLrTh1joXodJK5X9xeEALT1kM5G3ZLhD3hszxBdIEd5C75U834D9mLcINgD4OyZf5uQXjkuYydWvA==
  dependencies:
    "@types/react" "*"
    hoist-non-react-statics "^3.3.0"

"@types/invariant@^2.2.31":
  version "2.2.33"
  resolved "https://registry.yarnpkg.com/@types/invariant/-/invariant-2.2.33.tgz#ec5eec29c63bf5e4ca164e9feb3ef7337cdcbadb"
  integrity sha512-/jUNmS8d4bCKdqslfxW6dg/9Gksfzxz67IYfqApHn+HvHlMVXwYv2zpTDnS/yaK9BB0i0GlBTaYci0EFE62Hmw==

"@types/prop-types@*":
  version "15.7.3"
  resolved "https://registry.yarnpkg.com/@types/prop-types/-/prop-types-15.7.3.tgz#2ab0d5da2e5815f94b0b9d4b95d1e5f243ab2ca7"
  integrity sha512-KfRL3PuHmqQLOG+2tGpRO26Ctg+Cq1E01D2DMriKEATHgWLfeNDmq9e29Q9WIky0dQ3NPkd1mzYH8Lm936Z9qw==

"@types/react-dom@^16.9.8":
  version "16.9.8"
  resolved "https://registry.yarnpkg.com/@types/react-dom/-/react-dom-16.9.8.tgz#fe4c1e11dfc67155733dfa6aa65108b4971cb423"
  integrity sha512-ykkPQ+5nFknnlU6lDd947WbQ6TE3NNzbQAkInC2EKY1qeYdTKp7onFusmYZb+ityzx2YviqT6BXSu+LyWWJwcA==
  dependencies:
    "@types/react" "*"

"@types/react@*", "@types/react@^16.9.46":
  version "16.9.46"
  resolved "https://registry.yarnpkg.com/@types/react/-/react-16.9.46.tgz#f0326cd7adceda74148baa9bff6e918632f5069e"
  integrity sha512-dbHzO3aAq1lB3jRQuNpuZ/mnu+CdD3H0WVaaBQA8LTT3S33xhVBUj232T8M3tAhSWJs/D/UqORYUlJNl/8VQZg==
  dependencies:
    "@types/prop-types" "*"
    csstype "^3.0.2"

cldr-core@36.0.0:
  version "36.0.0"
  resolved "https://registry.yarnpkg.com/cldr-core/-/cldr-core-36.0.0.tgz#1d2148ed6802411845baeeb21432d7bbfde7d4f7"
  integrity sha512-QLnAjt20rZe38c8h8OJ9jPND+O4o5O8Nw0TK/P3KpNn1cmOhMu0rk6Kc3ap96c5OStQ9gAngs9+Be2sum26NOw==

csstype@^3.0.2:
  version "3.0.2"
  resolved "https://registry.yarnpkg.com/csstype/-/csstype-3.0.2.tgz#ee5ff8f208c8cd613b389f7b222c9801ca62b3f7"
  integrity sha512-ofovWglpqoqbfLNOTBNZLSbMuGrblAf1efvvArGKOZMBrIoJeu5UsAipQolkijtyQx5MtAzT/J9IHj/CEY1mJw==

emojis-list@^3.0.0:
  version "3.0.0"
  resolved "https://registry.yarnpkg.com/emojis-list/-/emojis-list-3.0.0.tgz#5570662046ad29e2e916e71aae260abdff4f6a78"
  integrity sha512-/kyM18EfinwXZbno9FyUGeFh87KC8HRQBQGildHZbEuRyWFOmv1U10o9BBp8XVZDVNNuQKyIGIu5ZYAAXJ0V2Q==

hoist-non-react-statics@^3.3.0, hoist-non-react-statics@^3.3.2:
  version "3.3.2"
  resolved "https://registry.yarnpkg.com/hoist-non-react-statics/-/hoist-non-react-statics-3.3.2.tgz#ece0acaf71d62c2969c2ec59feff42a4b1a85b45"
  integrity sha512-/gGivxi8JPKWNm/W0jSmzcMPpfpPLc3dY/6GxhX2hQ9iGj3aDfklV4ET7NjKpSinLpJ5vafa9iiGIEZg10SfBw==
  dependencies:
    react-is "^16.7.0"

intl-format-cache@^4.2.43:
  version "4.3.1"
  resolved "https://registry.yarnpkg.com/intl-format-cache/-/intl-format-cache-4.3.1.tgz#484d31a9872161e6c02139349b259a6229ade377"
  integrity sha512-OEUYNA7D06agqPOYhbTkl0T8HA3QKSuwWh1HiClEnpd9vw7N+3XsQt5iZ0GUEchp5CW1fQk/tary+NsbF3yQ1Q==

intl-messageformat-parser@5.4.0, intl-messageformat-parser@^5.2.1:
  version "5.4.0"
  resolved "https://registry.yarnpkg.com/intl-messageformat-parser/-/intl-messageformat-parser-5.4.0.tgz#7d15579551e689e445b7691e6794cdc726b299e1"
  integrity sha512-nZjAcoCfJ4ru7Lop7DWmR4Gl1nZEcDly3G43wOZkMEHVJP1kpGtyfJvi3+moUH0V9CIspRf6Fv1sP1Z2S0SbsA==
  dependencies:
    "@formatjs/intl-numberformat" "^5.4.1"

intl-messageformat@^8.4.1:
  version "8.4.1"
  resolved "https://registry.yarnpkg.com/intl-messageformat/-/intl-messageformat-8.4.1.tgz#f31c811efc561700b61ab4ee4716b870787c0fe5"
  integrity sha512-N4jLt0KebfqXZZZQRwBwZMrqwccHzZnN6KSeUsfidIoHMPIlLIgq08KcYsn7bZS6adh1KKH4/99VODWDDDu85Q==
  dependencies:
    intl-format-cache "^4.2.43"
    intl-messageformat-parser "^5.2.1"

"js-tokens@^3.0.0 || ^4.0.0":
  version "4.0.0"
  resolved "https://registry.yarnpkg.com/js-tokens/-/js-tokens-4.0.0.tgz#19203fb59991df98e3a287050d4647cdeaf32499"
  integrity sha512-RdJUflcE3cUzKiMqQgsCu06FPu9UdIJO0beYbPhHN4k6apgJtifcoCtT9bcxOpYBtpD2kCM6Sbzg4CausW/PKQ==

loose-envify@^1.1.0, loose-envify@^1.4.0:
  version "1.4.0"
  resolved "https://registry.yarnpkg.com/loose-envify/-/loose-envify-1.4.0.tgz#71ee51fa7be4caec1a63839f7e682d8132d30caf"
  integrity sha512-lyuxPGr/Wfhrlem2CL/UcnUc1zcqKAImBDzukY7Y5F/yQiNdko6+fRLevlw1HgMySw7f611UIY408EtxRSoK3Q==
  dependencies:
    js-tokens "^3.0.0 || ^4.0.0"

object-assign@^4.1.1:
  version "4.1.1"
  resolved "https://registry.yarnpkg.com/object-assign/-/object-assign-4.1.1.tgz#2109adc7965887cfc05cbbd442cac8bfbb360863"
  integrity sha1-IQmtx5ZYh8/AXLvUQsrIv7s2CGM=

prop-types@^15.6.2:
  version "15.7.2"
  resolved "https://registry.yarnpkg.com/prop-types/-/prop-types-15.7.2.tgz#52c41e75b8c87e72b9d9360e0206b99dcbffa6c5"
  integrity sha512-8QQikdH7//R2vurIJSutZ1smHYTcLpRWEOlHnzcWHmBYrOGUysKwSsrC89BCiFj3CbrfJ/nXFdJepOVrY1GCHQ==
  dependencies:
    loose-envify "^1.4.0"
    object-assign "^4.1.1"
    react-is "^16.8.1"

react-dom@^16.13.1:
  version "16.13.1"
  resolved "https://registry.yarnpkg.com/react-dom/-/react-dom-16.13.1.tgz#c1bd37331a0486c078ee54c4740720993b2e0e7f"
  integrity sha512-81PIMmVLnCNLO/fFOQxdQkvEq/+Hfpv24XNJfpyZhTRfO0QcmQIF/PgCa1zCOj2w1hrn12MFLyaJ/G0+Mxtfag==
  dependencies:
    loose-envify "^1.1.0"
    object-assign "^4.1.1"
    prop-types "^15.6.2"
    scheduler "^0.19.1"

react-intl@4:
  version "4.7.6"
  resolved "https://registry.yarnpkg.com/react-intl/-/react-intl-4.7.6.tgz#7538df3412ca5aae882ce709b1e0ba291a41a282"
  integrity sha512-esfz1/WAZjN7WixC1ZiRDWrvH+OSdZ6ZcRYguEqeS69lycj/x8L3ckzF0+5cmbkJGvBLG5ppFZ6DOO0mCk8gUw==
  dependencies:
    "@formatjs/intl-datetimeformat" "^1.3.3"
    "@formatjs/intl-displaynames" "^2.2.9"
    "@formatjs/intl-listformat" "^2.2.9"
    "@formatjs/intl-numberformat" "^4.2.11"
    "@formatjs/intl-relativetimeformat" "^5.2.11"
    "@formatjs/intl-utils" "^3.5.0"
    "@types/hoist-non-react-statics" "^3.3.1"
    "@types/invariant" "^2.2.31"
    hoist-non-react-statics "^3.3.2"
    intl-format-cache "^4.2.43"
    intl-messageformat "^8.4.1"
    intl-messageformat-parser "^5.2.1"
    shallow-equal "^1.2.1"

react-is@^16.7.0, react-is@^16.8.1:
  version "16.13.1"
  resolved "https://registry.yarnpkg.com/react-is/-/react-is-16.13.1.tgz#789729a4dc36de2999dc156dd6c1d9c18cea56a4"
  integrity sha512-24e6ynE2H+OKt4kqsOvNd8kBpV65zoxbA4BVsEOB3ARVWQki/DHzaUoC5KuON/BiccDaCCTZBuOcfZs70kR8bQ==

react@^16.13.1:
  version "16.13.1"
  resolved "https://registry.yarnpkg.com/react/-/react-16.13.1.tgz#2e818822f1a9743122c063d6410d85c1e3afe48e"
  integrity sha512-YMZQQq32xHLX0bz5Mnibv1/LHb3Sqzngu7xstSM+vrkE5Kzr9xE0yMByK5kMoTK30YVJE61WfbxIFFvfeDKT1w==
  dependencies:
    loose-envify "^1.1.0"
    object-assign "^4.1.1"
    prop-types "^15.6.2"

scheduler@^0.19.1:
  version "0.19.1"
  resolved "https://registry.yarnpkg.com/scheduler/-/scheduler-0.19.1.tgz#4f3e2ed2c1a7d65681f4c854fa8c5a1ccb40f196"
  integrity sha512-n/zwRWRYSUj0/3g/otKDRPMh6qv2SYMWNq85IEa8iZyAv8od9zDYpGSnpBEjNgcMNq6Scbu5KfIPxNF72R/2EA==
  dependencies:
    loose-envify "^1.1.0"
    object-assign "^4.1.1"

shallow-equal@^1.2.1:
  version "1.2.1"
  resolved "https://registry.yarnpkg.com/shallow-equal/-/shallow-equal-1.2.1.tgz#4c16abfa56043aa20d050324efa68940b0da79da"
  integrity sha512-S4vJDjHHMBaiZuT9NPb616CSmLf618jawtv3sufLl6ivK8WocjAo58cXwbRV1cgqxH0Qbv+iUt6m05eqEa2IRA==

typescript@4.0.2:
  version "4.0.2"
  resolved "https://registry.yarnpkg.com/typescript/-/typescript-4.0.2.tgz#7ea7c88777c723c681e33bf7988be5d008d05ac2"
  integrity sha512-e4ERvRV2wb+rRZ/IQeb3jm2VxBsirQLpQhdxplZ2MEzGvDkkMmPglecnNDfSUBivMjP93vRbngYYDQqQ/78bcQ==
